
Microsoft Visual Studio Solution File, Format Version 12.00
# Visual Studio Version 16
VisualStudioVersion = 16.0.29519.181
MinimumVisualStudioVersion = 10.0.40219.1
Project("{FAE04EC0-301F-11D3-BF4B-00C04F79EFBC}") = "Auer_Find_Replace", "Auer_Find_Replace\Auer_Find_Replace.csproj", "{E87E648E-74C2-4B40-8DE7-C44D748BBEA5}"
EndProject
Global
	GlobalSection(SolutionConfigurationPlatforms) = preSolution
		Debug|Any CPU = Debug|Any CPU
		Release|Any CPU = Release|Any CPU
	EndGlobalSection
	GlobalSection(ProjectConfigurationPlatforms) = postSolution
		{E87E648E-74C2-4B40-8DE7-C44D748BBEA5}.Debug|Any CPU.ActiveCfg = Debug|Any CPU
		{E87E648E-74C2-4B40-8DE7-C44D748BBEA5}.Debug|Any CPU.Build.0 = Debug|Any CPU
		{E87E648E-74C2-4B40-8DE7-C44D748BBEA5}.Release|Any CPU.ActiveCfg = Release|Any CPU
		{E87E648E-74C2-4B40-8DE7-C44D748BBEA5}.Release|Any CPU.Build.0 = Release|Any CPU
	EndGlobalSection
	GlobalSection(SolutionProperties) = preSolution
		HideSolutionNode = FALSE
	EndGlobalSection
	GlobalSection(ExtensibilityGlobals) = postSolution
		SolutionGuid = {27CBB2C1-DFC8-4707-9113-EE5672F69D23}
	EndGlobalSection
	GlobalSection(TeamFoundationVersionControl) = preSolution
		SccNumberOfProjects = 2
		SccEnterpriseProvider = {4CA58AB2-18FA-4F8D-95D4-32DDF27D184C}
		SccTeamFoundationServer = http://tfsportal.cdc.nicusa.com:8080/tfs/nm
		SccLocalPath0 = .
		SccProjectUniqueName1 = Auer_Find_Replace\\Auer_Find_Replace.csproj
		SccProjectName1 = Auer_Find_Replace
		SccLocalPath1 = Auer_Find_Replace
	EndGlobalSection
EndGlobal
